
Microsoft Visual Studio Solution File, Format Version 12.00
# Visual Studio Version 17
VisualStudioVersion = 17.4.33403.182
MinimumVisualStudioVersion = 10.0.40219.1
Project("{9A19103F-16F7-4668-BE54-9A1E7A4F7556}") = "View", "View\View.csproj", "{47F278EF-B117-4D85-9E1B-25621C9CD805}"
EndProject
Project("{9A19103F-16F7-4668-BE54-9A1E7A4F7556}") = "Controllers", "Controllers\Controllers.csproj", "{1056E263-2667-416F-B0A5-8D94379C172C}"
EndProject
Project("{9A19103F-16F7-4668-BE54-9A1E7A4F7556}") = "Models", "Models\Models.csproj", "{36D99C6A-136D-4256-872E-E66E133F3C66}"
EndProject
Global
	GlobalSection(SolutionConfigurationPlatforms) = preSolution
		Debug|Any CPU = Debug|Any CPU
		Release|Any CPU = Release|Any CPU
	EndGlobalSection
	GlobalSection(ProjectConfigurationPlatforms) = postSolution
		{47F278EF-B117-4D85-9E1B-25621C9CD805}.Debug|Any CPU.ActiveCfg = Debug|Any CPU
		{47F278EF-B117-4D85-9E1B-25621C9CD805}.Debug|Any CPU.Build.0 = Debug|Any CPU
		{47F278EF-B117-4D85-9E1B-25621C9CD805}.Release|Any CPU.ActiveCfg = Release|Any CPU
		{47F278EF-B117-4D85-9E1B-25621C9CD805}.Release|Any CPU.Build.0 = Release|Any CPU
		{1056E263-2667-416F-B0A5-8D94379C172C}.Debug|Any CPU.ActiveCfg = Debug|Any CPU
		{1056E263-2667-416F-B0A5-8D94379C172C}.Debug|Any CPU.Build.0 = Debug|Any CPU
		{1056E263-2667-416F-B0A5-8D94379C172C}.Release|Any CPU.ActiveCfg = Release|Any CPU
		{1056E263-2667-416F-B0A5-8D94379C172C}.Release|Any CPU.Build.0 = Release|Any CPU
		{36D99C6A-136D-4256-872E-E66E133F3C66}.Debug|Any CPU.ActiveCfg = Debug|Any CPU
		{36D99C6A-136D-4256-872E-E66E133F3C66}.Debug|Any CPU.Build.0 = Debug|Any CPU
		{36D99C6A-136D-4256-872E-E66E133F3C66}.Release|Any CPU.ActiveCfg = Release|Any CPU
		{36D99C6A-136D-4256-872E-E66E133F3C66}.Release|Any CPU.Build.0 = Release|Any CPU
	EndGlobalSection
	GlobalSection(SolutionProperties) = preSolution
		HideSolutionNode = FALSE
	EndGlobalSection
	GlobalSection(ExtensibilityGlobals) = postSolution
		SolutionGuid = {C760F6A6-B887-44E0-A399-38582291EB09}
	EndGlobalSection
EndGlobal
